
Microsoft Visual Studio Solution File, Format Version 12.00
# Visual Studio Version 17
VisualStudioVersion = 17.7.34003.232
MinimumVisualStudioVersion = 10.0.40219.1
Project("{FAE04EC0-301F-11D3-BF4B-00C04F79EFBC}") = "ProgramCreation", "ProgramCreation\ProgramCreation.csproj", "{CF840F76-556A-45D4-B88A-426A178E8155}"
EndProject
Global
	GlobalSection(SolutionConfigurationPlatforms) = preSolution
		Debug|Any CPU = Debug|Any CPU
		Release|Any CPU = Release|Any CPU
	EndGlobalSection
	GlobalSection(ProjectConfigurationPlatforms) = postSolution
		{CF840F76-556A-45D4-B88A-426A178E8155}.Debug|Any CPU.ActiveCfg = Debug|Any CPU
		{CF840F76-556A-45D4-B88A-426A178E8155}.Debug|Any CPU.Build.0 = Debug|Any CPU
		{CF840F76-556A-45D4-B88A-426A178E8155}.Release|Any CPU.ActiveCfg = Release|Any CPU
		{CF840F76-556A-45D4-B88A-426A178E8155}.Release|Any CPU.Build.0 = Release|Any CPU
	EndGlobalSection
	GlobalSection(SolutionProperties) = preSolution
		HideSolutionNode = FALSE
	EndGlobalSection
	GlobalSection(ExtensibilityGlobals) = postSolution
		SolutionGuid = {EFADF0C8-45C9-4F59-ADEC-7583CF5C9290}
	EndGlobalSection
EndGlobal
